
Microsoft Visual Studio Solution File, Format Version 12.00
# Visual Studio Version 17
VisualStudioVersion = 17.14.36623.8
MinimumVisualStudioVersion = 10.0.40219.1
Project("{FAE04EC0-301F-11D3-BF4B-00C04F79EFBC}") = "ProgramacionEstructurada", "ProgramacionEstructurada\ProgramacionEstructurada.csproj", "{DAD7AA8E-B404-40FC-95F4-14272277158A}"
EndProject
Project("{FAE04EC0-301F-11D3-BF4B-00C04F79EFBC}") = "ProgramacionOrientadoaObjetos", "ProgramacionOrientadoaObjetos\ProgramacionOrientadoaObjetos.csproj", "{0F6ED9E6-AAE1-4D4B-9763-29DB01B6403D}"
EndProject
Global
	GlobalSection(SolutionConfigurationPlatforms) = preSolution
		Debug|Any CPU = Debug|Any CPU
		Release|Any CPU = Release|Any CPU
	EndGlobalSection
	GlobalSection(ProjectConfigurationPlatforms) = postSolution
		{DAD7AA8E-B404-40FC-95F4-14272277158A}.Debug|Any CPU.ActiveCfg = Debug|Any CPU
		{DAD7AA8E-B404-40FC-95F4-14272277158A}.Debug|Any CPU.Build.0 = Debug|Any CPU
		{DAD7AA8E-B404-40FC-95F4-14272277158A}.Release|Any CPU.ActiveCfg = Release|Any CPU
		{DAD7AA8E-B404-40FC-95F4-14272277158A}.Release|Any CPU.Build.0 = Release|Any CPU
		{0F6ED9E6-AAE1-4D4B-9763-29DB01B6403D}.Debug|Any CPU.ActiveCfg = Debug|Any CPU
		{0F6ED9E6-AAE1-4D4B-9763-29DB01B6403D}.Debug|Any CPU.Build.0 = Debug|Any CPU
		{0F6ED9E6-AAE1-4D4B-9763-29DB01B6403D}.Release|Any CPU.ActiveCfg = Release|Any CPU
		{0F6ED9E6-AAE1-4D4B-9763-29DB01B6403D}.Release|Any CPU.Build.0 = Release|Any CPU
	EndGlobalSection
	GlobalSection(SolutionProperties) = preSolution
		HideSolutionNode = FALSE
	EndGlobalSection
	GlobalSection(ExtensibilityGlobals) = postSolution
		SolutionGuid = {0D46E31E-420A-439B-8754-51E14745E9BA}
	EndGlobalSection
EndGlobal
